# This file is generated by `python Tools/luna/sync.py`.
bundle = "Bundles/RuntimeDefault/luna.bundle.toml"
host = "app"
sdk = "0.1"

[[plugin]]
id = "luna.runtime.core"
version = "0.1.0"
kind = "runtime"
cmake_target = "LunaRuntimeCorePlugin"
entry = "luna_register_luna_runtime_core"
source = "Plugins/builtin/luna.runtime.core"
